
Microsoft Visual Studio Solution File, Format Version 12.00
# Visual Studio 15
VisualStudioVersion = 15.0.26020.0
MinimumVisualStudioVersion = 10.0.40219.1
Project("{8BC9CEB8-8B4A-11D0-8D11-00A0C91BC942}") = "Host", "Host\Host.vcxproj", "{2336E8E6-3F5C-4037-AC5C-2DB424F7CB9C}"
	ProjectSection(ProjectDependencies) = postProject
		{1D530A32-888E-4A58-BCE7-B0B4132A16F6} = {1D530A32-888E-4A58-BCE7-B0B4132A16F6}
		{4C7FF684-9489-4F96-A3AE-9E9A7AC5420F} = {4C7FF684-9489-4F96-A3AE-9E9A7AC5420F}
		{18060A8C-A25B-47E2-A642-FCA235A74A91} = {18060A8C-A25B-47E2-A642-FCA235A74A91}
	EndProjectSection
EndProject
Project("{8BC9CEB8-8B4A-11D0-8D11-00A0C91BC942}") = "Module1", "Module1\Module1.vcxproj", "{4C7FF684-9489-4F96-A3AE-9E9A7AC5420F}"
	ProjectSection(ProjectDependencies) = postProject
		{1D530A32-888E-4A58-BCE7-B0B4132A16F6} = {1D530A32-888E-4A58-BCE7-B0B4132A16F6}
	EndProjectSection
EndProject
Project("{8BC9CEB8-8B4A-11D0-8D11-00A0C91BC942}") = "HRSupport", "HRSupport\HRSupport.vcxproj", "{1D530A32-888E-4A58-BCE7-B0B4132A16F6}"
EndProject
Project("{8BC9CEB8-8B4A-11D0-8D11-00A0C91BC942}") = "HotReload", "HotReload\HotReload.vcxproj", "{18060A8C-A25B-47E2-A642-FCA235A74A91}"
EndProject
Project("{2150E333-8FDC-42A3-9474-1A3956D46DE8}") = "HR", "HR", "{A50DFAF2-A0BD-4187-AA1C-5428CAD6F39E}"
EndProject
Project("{2150E333-8FDC-42A3-9474-1A3956D46DE8}") = "Test", "Test", "{342C71D8-E862-4C40-9EC0-2E07BB2AC6F9}"
EndProject
Project("{8BC9CEB8-8B4A-11D0-8D11-00A0C91BC942}") = "Module2", "Module2\Module2.vcxproj", "{389BA267-1258-45A5-A207-62678B638941}"
EndProject
Project("{FAE04EC0-301F-11D3-BF4B-00C04F79EFBC}") = "HR", "HR\HR.csproj", "{0CF76C2D-C9F3-4C68-B343-A2A552F976D0}"
EndProject
Project("{8BC9CEB8-8B4A-11D0-8D11-00A0C91BC942}") = "HRServer", "HRServer\HRServer.vcxproj", "{2D04DBF7-6096-4CC8-A11C-B1A196E44541}"
EndProject
Global
	GlobalSection(SolutionConfigurationPlatforms) = preSolution
		Debug|Any CPU = Debug|Any CPU
		Debug|x64 = Debug|x64
		Release|Any CPU = Release|Any CPU
		Release|x64 = Release|x64
	EndGlobalSection
	GlobalSection(ProjectConfigurationPlatforms) = postSolution
		{2336E8E6-3F5C-4037-AC5C-2DB424F7CB9C}.Debug|Any CPU.ActiveCfg = Debug|Win32
		{2336E8E6-3F5C-4037-AC5C-2DB424F7CB9C}.Debug|x64.ActiveCfg = Debug|x64
		{2336E8E6-3F5C-4037-AC5C-2DB424F7CB9C}.Debug|x64.Build.0 = Debug|x64
		{2336E8E6-3F5C-4037-AC5C-2DB424F7CB9C}.Release|Any CPU.ActiveCfg = Release|Win32
		{2336E8E6-3F5C-4037-AC5C-2DB424F7CB9C}.Release|x64.ActiveCfg = Release|x64
		{2336E8E6-3F5C-4037-AC5C-2DB424F7CB9C}.Release|x64.Build.0 = Release|x64
		{4C7FF684-9489-4F96-A3AE-9E9A7AC5420F}.Debug|Any CPU.ActiveCfg = Debug|Win32
		{4C7FF684-9489-4F96-A3AE-9E9A7AC5420F}.Debug|x64.ActiveCfg = Debug|x64
		{4C7FF684-9489-4F96-A3AE-9E9A7AC5420F}.Debug|x64.Build.0 = Debug|x64
		{4C7FF684-9489-4F96-A3AE-9E9A7AC5420F}.Release|Any CPU.ActiveCfg = Release|Win32
		{4C7FF684-9489-4F96-A3AE-9E9A7AC5420F}.Release|x64.ActiveCfg = Release|x64
		{4C7FF684-9489-4F96-A3AE-9E9A7AC5420F}.Release|x64.Build.0 = Release|x64
		{1D530A32-888E-4A58-BCE7-B0B4132A16F6}.Debug|Any CPU.ActiveCfg = Debug|Win32
		{1D530A32-888E-4A58-BCE7-B0B4132A16F6}.Debug|x64.ActiveCfg = Debug|x64
		{1D530A32-888E-4A58-BCE7-B0B4132A16F6}.Debug|x64.Build.0 = Debug|x64
		{1D530A32-888E-4A58-BCE7-B0B4132A16F6}.Release|Any CPU.ActiveCfg = Release|Win32
		{1D530A32-888E-4A58-BCE7-B0B4132A16F6}.Release|x64.ActiveCfg = Release|x64
		{1D530A32-888E-4A58-BCE7-B0B4132A16F6}.Release|x64.Build.0 = Release|x64
		{18060A8C-A25B-47E2-A642-FCA235A74A91}.Debug|Any CPU.ActiveCfg = Debug|Win32
		{18060A8C-A25B-47E2-A642-FCA235A74A91}.Debug|x64.ActiveCfg = Debug|x64
		{18060A8C-A25B-47E2-A642-FCA235A74A91}.Debug|x64.Build.0 = Debug|x64
		{18060A8C-A25B-47E2-A642-FCA235A74A91}.Release|Any CPU.ActiveCfg = Release|Win32
		{18060A8C-A25B-47E2-A642-FCA235A74A91}.Release|x64.ActiveCfg = Release|x64
		{18060A8C-A25B-47E2-A642-FCA235A74A91}.Release|x64.Build.0 = Release|x64
		{389BA267-1258-45A5-A207-62678B638941}.Debug|Any CPU.ActiveCfg = Debug|Win32
		{389BA267-1258-45A5-A207-62678B638941}.Debug|x64.ActiveCfg = Debug|x64
		{389BA267-1258-45A5-A207-62678B638941}.Debug|x64.Build.0 = Debug|x64
		{389BA267-1258-45A5-A207-62678B638941}.Release|Any CPU.ActiveCfg = Release|Win32
		{389BA267-1258-45A5-A207-62678B638941}.Release|x64.ActiveCfg = Release|x64
		{389BA267-1258-45A5-A207-62678B638941}.Release|x64.Build.0 = Release|x64
		{0CF76C2D-C9F3-4C68-B343-A2A552F976D0}.Debug|Any CPU.ActiveCfg = Debug|Any CPU
		{0CF76C2D-C9F3-4C68-B343-A2A552F976D0}.Debug|Any CPU.Build.0 = Debug|Any CPU
		{0CF76C2D-C9F3-4C68-B343-A2A552F976D0}.Debug|x64.ActiveCfg = Debug|Any CPU
		{0CF76C2D-C9F3-4C68-B343-A2A552F976D0}.Debug|x64.Build.0 = Debug|Any CPU
		{0CF76C2D-C9F3-4C68-B343-A2A552F976D0}.Release|Any CPU.ActiveCfg = Release|Any CPU
		{0CF76C2D-C9F3-4C68-B343-A2A552F976D0}.Release|Any CPU.Build.0 = Release|Any CPU
		{0CF76C2D-C9F3-4C68-B343-A2A552F976D0}.Release|x64.ActiveCfg = Release|Any CPU
		{0CF76C2D-C9F3-4C68-B343-A2A552F976D0}.Release|x64.Build.0 = Release|Any CPU
		{2D04DBF7-6096-4CC8-A11C-B1A196E44541}.Debug|Any CPU.ActiveCfg = Debug|Win32
		{2D04DBF7-6096-4CC8-A11C-B1A196E44541}.Debug|x64.ActiveCfg = Debug|x64
		{2D04DBF7-6096-4CC8-A11C-B1A196E44541}.Debug|x64.Build.0 = Debug|x64
		{2D04DBF7-6096-4CC8-A11C-B1A196E44541}.Release|Any CPU.ActiveCfg = Release|Win32
		{2D04DBF7-6096-4CC8-A11C-B1A196E44541}.Release|x64.ActiveCfg = Release|x64
		{2D04DBF7-6096-4CC8-A11C-B1A196E44541}.Release|x64.Build.0 = Release|x64
	EndGlobalSection
	GlobalSection(SolutionProperties) = preSolution
		HideSolutionNode = FALSE
	EndGlobalSection
	GlobalSection(NestedProjects) = preSolution
		{2336E8E6-3F5C-4037-AC5C-2DB424F7CB9C} = {342C71D8-E862-4C40-9EC0-2E07BB2AC6F9}
		{4C7FF684-9489-4F96-A3AE-9E9A7AC5420F} = {342C71D8-E862-4C40-9EC0-2E07BB2AC6F9}
		{1D530A32-888E-4A58-BCE7-B0B4132A16F6} = {A50DFAF2-A0BD-4187-AA1C-5428CAD6F39E}
		{18060A8C-A25B-47E2-A642-FCA235A74A91} = {A50DFAF2-A0BD-4187-AA1C-5428CAD6F39E}
		{389BA267-1258-45A5-A207-62678B638941} = {342C71D8-E862-4C40-9EC0-2E07BB2AC6F9}
		{0CF76C2D-C9F3-4C68-B343-A2A552F976D0} = {A50DFAF2-A0BD-4187-AA1C-5428CAD6F39E}
		{2D04DBF7-6096-4CC8-A11C-B1A196E44541} = {A50DFAF2-A0BD-4187-AA1C-5428CAD6F39E}
	EndGlobalSection
EndGlobal
